{
  "format_version": "1.2",
  "terraform_version": "1.7.3",
  "variables": {
    "project_name": {
      "value": "terraform-plan"
    },
    "region": {
      "value": "us-east-1"
    }
  },
  "planned_values": {
    "root_module": {
      "resources": [
        {
          "address": "random_pet.instance",
          "mode": "managed",
          "type": "random_pet",
          "name": "instance",
          "provider_name": "registry.terraform.io/hashicorp/random",
          "schema_version": 0,
          "values": {
            "keepers": null,
            "length": 2,
            "prefix": null,
            "separator": "-"
          },
          "sensitive_values": {}
        }
      ],
      "child_modules": [
        {
          "resources": [
            {
              "address": "module.hello.random_pet.number_2",
              "mode": "managed",
              "type": "random_pet",
              "name": "number_2",
              "provider_name": "registry.terraform.io/hashicorp/random",
              "schema_version": 0,
              "values": {
                "keepers": {
                  "hello": "World"
                },
                "length": 2,
                "prefix": null,
                "separator": "-"
              },
              "sensitive_values": {
                "keepers": {}
              }
            },
            {
              "address": "module.hello.random_pet.server",
              "mode": "managed",
              "type": "random_pet",
              "name": "server",
              "provider_name": "registry.terraform.io/hashicorp/random",
              "schema_version": 0,
              "values": {
                "keepers": {
                  "secret_key": "secret"
                },
                "length": 2,
                "prefix": null,
                "separator": "-"
              },
              "sensitive_values": {
                "keepers": {}
              }
            }
          ],
          "address": "module.hello"
        }
      ]
    }
  },
  "resource_changes": [
    {
      "address": "random_pet.instance",
      "mode": "managed",
      "type": "random_pet",
      "name": "instance",
      "provider_name": "registry.terraform.io/hashicorp/random",
      "change": {
        "actions": [
          "create"
        ],
        "before": null,
        "after": {
          "keepers": null,
          "length": 2,
          "prefix": null,
          "separator": "-"
        },
        "after_unknown": {
          "id": true
        },
        "before_sensitive": false,
        "after_sensitive": {}
      }
    },
    {
      "address": "module.hello.random_pet.number_2",
      "module_address": "module.hello",
      "mode": "managed",
      "type": "random_pet",
      "name": "number_2",
      "provider_name": "registry.terraform.io/hashicorp/random",
      "change": {
        "actions": [
          "create"
        ],
        "before": null,
        "after": {
          "keepers": {
            "hello": "World"
          },
          "length": 2,
          "prefix": null,
          "separator": "-"
        },
        "after_unknown": {
          "id": true,
          "keepers": {}
        },
        "before_sensitive": false,
        "after_sensitive": {
          "keepers": {}
        }
      }
    },
    {
      "address": "module.hello.random_pet.server",
      "module_address": "module.hello",
      "mode": "managed",
      "type": "random_pet",
      "name": "server",
      "provider_name": "registry.terraform.io/hashicorp/random",
      "change": {
        "actions": [
          "create"
        ],
        "before": null,
        "after": {
          "keepers": {
            "secret_key": "secret"
          },
          "length": 2,
          "prefix": null,
          "separator": "-"
        },
        "after_unknown": {
          "id": true,
          "keepers": {
            "hello": true
          }
        },
        "before_sensitive": false,
        "after_sensitive": {
          "keepers": {}
        }
      }
    }
  ],
  "configuration": {
    "provider_config": {
      "aws": {
        "name": "aws",
        "full_name": "registry.terraform.io/hashicorp/aws",
        "version_constraint": "5.7.0",
        "expressions": {
          "region": {
            "references": [
              "var.region"
            ]
          }
        }
      },
      "random": {
        "name": "random",
        "full_name": "registry.terraform.io/hashicorp/random",
        "version_constraint": "3.5.1"
      }
    },
    "root_module": {
      "resources": [
        {
          "address": "random_pet.instance",
          "mode": "managed",
          "type": "random_pet",
          "name": "instance",
          "provider_config_key": "random",
          "expressions": {
            "length": {
              "constant_value": 2
            }
          },
          "schema_version": 0
        },
        {
          "address": "data.aws_ami.ubuntu",
          "mode": "data",
          "type": "aws_ami",
          "name": "ubuntu",
          "provider_config_key": "aws",
          "expressions": {
            "filter": [
              {
                "name": {
                  "constant_value": "name"
                },
                "values": {
                  "constant_value": [
                    "ubuntu/images/hvm-ssd/ubuntu-bionic-18.04-amd64-server-*"
                  ]
                }
              },
              {
                "name": {
                  "constant_value": "virtualization-type"
                },
                "values": {
                  "constant_value": [
                    "hvm"
                  ]
                }
              }
            ],
            "most_recent": {
              "constant_value": true
            },
            "owners": {
              "constant_value": [
                "099720109477"
              ]
            }
          },
          "schema_version": 0
        }
      ],
      "module_calls": {
        "ec2-instance": {
          "source": "./modules/aws-ec2-instance",
          "expressions": {
            "ami_id": {
              "references": [
                "data.aws_ami.ubuntu.id",
                "data.aws_ami.ubuntu"
              ]
            },
            "instance_name": {
              "references": [
                "random_pet.instance.id",
                "random_pet.instance"
              ]
            }
          },
          "module": {
            "resources": [
              {
                "address": "aws_instance.main",
                "mode": "managed",
                "type": "aws_instance",
                "name": "main",
                "provider_config_key": "aws",
                "expressions": {
                  "ami": {
                    "references": [
                      "var.ami_id"
                    ]
                  },
                  "instance_type": {
                    "references": [
                      "var.instance_type"
                    ]
                  },
                  "tags": {
                    "references": [
                      "var.instance_name",
                      "var.project_name"
                    ]
                  }
                },
                "schema_version": 1
              }
            ],
            "variables": {
              "ami_id": {
                "description": "AMI id for instance."
              },
              "instance_name": {
                "description": "Name of the EC2 instance."
              },
              "instance_type": {
                "default": "t2.micro",
                "description": "Instance type for the EC2 instance."
              },
              "project_name": {
                "default": "terraform-init",
                "description": "Name of the example project."
              }
            }
          }
        },
        "hello": {
          "source": "joatmon08/hello/random",
          "expressions": {
            "hellos": {
              "references": [
                "random_pet.instance.id",
                "random_pet.instance"
              ]
            },
            "some_key": {
              "constant_value": "secret"
            }
          },
          "module": {
            "outputs": {
              "list_of_pets": {
                "expression": {
                  "references": [
                    "random_pet.server.id",
                    "random_pet.server",
                    "random_pet.number_2.id",
                    "random_pet.number_2"
                  ]
                },
                "description": "list of random pet IDs"
              },
              "pet": {
                "expression": {
                  "references": [
                    "random_pet.server.id",
                    "random_pet.server"
                  ]
                },
                "description": "first random pet ID"
              },
              "quoted_some_key": {
                "expression": {
                  "references": [
                    "var.some_key"
                  ]
                },
                "description": "escaped quoted value of some_key"
              }
            },
            "resources": [
              {
                "address": "random_pet.number_2",
                "mode": "managed",
                "type": "random_pet",
                "name": "number_2",
                "provider_config_key": "random",
                "expressions": {
                  "keepers": {
                    "references": [
                      "var.hellos.second_hello",
                      "var.hellos"
                    ]
                  }
                },
                "schema_version": 0
              },
              {
                "address": "random_pet.server",
                "mode": "managed",
                "type": "random_pet",
                "name": "server",
                "provider_config_key": "random",
                "expressions": {
                  "keepers": {
                    "references": [
                      "var.hellos.hello",
                      "var.hellos",
                      "var.some_key"
                    ]
                  }
                },
                "schema_version": 0
              }
            ],
            "variables": {
              "hellos": {
                "description": "list of hellos"
              },
              "some_key": {
                "description": "this is a some key"
              }
            }
          },
          "version_constraint": "6.0.0"
        }
      },
      "variables": {
        "project_name": {
          "default": "terraform-plan",
          "description": "Name of the example project."
        },
        "region": {
          "default": "us-east-1",
          "description": "AWS region for all resources."
        }
      }
    }
  },
  "relevant_attributes": [
    {
      "resource": "module.hello.random_pet.number_2",
      "attribute": [
        "id"
      ]
    },
    {
      "resource": "random_pet.instance",
      "attribute": [
        "id"
      ]
    },
    {
      "resource": "module.hello.random_pet.server",
      "attribute": [
        "id"
      ]
    }
  ],
  "timestamp": "2024-03-02T10:24:23Z",
  "errored": true
}
